// !$*UTF8*$!
{
	archiveVersion = 1;
	classes = {
	};
	objectVersion = 56;
	objects = {

/* Begin PBXBuildFile section */
		A403A5992BC19BB3004082E7 /* HomeViewControllerTests.swift in Sources */ = {isa = PBXBuildFile; fileRef = A403A5982BC19BB3004082E7 /* HomeViewControllerTests.swift */; };
		A403A59B2BC1AE37004082E7 /* Pokemon+Fixtures.swift in Sources */ = {isa = PBXBuildFile; fileRef = A403A59A2BC1AE37004082E7 /* Pokemon+Fixtures.swift */; };
		A405AE632BA24E45003CBBD5 /* PokemonCell.swift in Sources */ = {isa = PBXBuildFile; fileRef = A405AE622BA24E45003CBBD5 /* PokemonCell.swift */; };
		A405AE662BA3D2D0003CBBD5 /* Kingfisher in Frameworks */ = {isa = PBXBuildFile; productRef = A405AE652BA3D2D0003CBBD5 /* Kingfisher */; };
		A41F58172BA79E4700CF08E6 /* UIView+Extensions.swift in Sources */ = {isa = PBXBuildFile; fileRef = A41F58162BA79E4700CF08E6 /* UIView+Extensions.swift */; };
		A41F58192BA7AC0200CF08E6 /* AttributeView.swift in Sources */ = {isa = PBXBuildFile; fileRef = A41F58182BA7AC0200CF08E6 /* AttributeView.swift */; };
		A41F581C2BA7ADFE00CF08E6 /* PokemonDetailsViewController.xib in Resources */ = {isa = PBXBuildFile; fileRef = A41F581B2BA7ADFE00CF08E6 /* PokemonDetailsViewController.xib */; };
		A41F581E2BA7B3FC00CF08E6 /* UINavigationBar+Extensions.swift in Sources */ = {isa = PBXBuildFile; fileRef = A41F581D2BA7B3FC00CF08E6 /* UINavigationBar+Extensions.swift */; };
		A41F58202BA8C27100CF08E6 /* PokemonDetailsAPI.swift in Sources */ = {isa = PBXBuildFile; fileRef = A41F581F2BA8C27100CF08E6 /* PokemonDetailsAPI.swift */; };
		A41F58222BAA45B700CF08E6 /* HomeViewModel.swift in Sources */ = {isa = PBXBuildFile; fileRef = A41F58212BAA45B700CF08E6 /* HomeViewModel.swift */; };
		A45449D62BBD0069000462A5 /* HomeAPITests.swift in Sources */ = {isa = PBXBuildFile; fileRef = A45449D52BBD0069000462A5 /* HomeAPITests.swift */; };
		A45449D82BC0E1A6000462A5 /* ErrorDummy.swift in Sources */ = {isa = PBXBuildFile; fileRef = A45449D72BC0E1A6000462A5 /* ErrorDummy.swift */; };
		A45449DA2BC0E311000462A5 /* PokemonTests.swift in Sources */ = {isa = PBXBuildFile; fileRef = A45449D92BC0E311000462A5 /* PokemonTests.swift */; };
		A45449DE2BC0F2AA000462A5 /* PokemonJSON+Fixtures.swift in Sources */ = {isa = PBXBuildFile; fileRef = A45449DD2BC0F2AA000462A5 /* PokemonJSON+Fixtures.swift */; };
		A45449E02BC0F315000462A5 /* RandomValues.swift in Sources */ = {isa = PBXBuildFile; fileRef = A45449DF2BC0F315000462A5 /* RandomValues.swift */; };
		A45449E22BC0F375000462A5 /* PokemonDetailsTests.swift in Sources */ = {isa = PBXBuildFile; fileRef = A45449E12BC0F375000462A5 /* PokemonDetailsTests.swift */; };
		A45449E52BC0F42D000462A5 /* UIColor+Extension.swift in Sources */ = {isa = PBXBuildFile; fileRef = A45449E42BC0F42D000462A5 /* UIColor+Extension.swift */; };
		A45449E72BC0F45F000462A5 /* String+Extension.swift in Sources */ = {isa = PBXBuildFile; fileRef = A45449E62BC0F45F000462A5 /* String+Extension.swift */; };
		A462F93E2B9822D200D60FC0 /* AppDelegate.swift in Sources */ = {isa = PBXBuildFile; fileRef = A462F93D2B9822D200D60FC0 /* AppDelegate.swift */; };
		A462F9402B9822D200D60FC0 /* SceneDelegate.swift in Sources */ = {isa = PBXBuildFile; fileRef = A462F93F2B9822D200D60FC0 /* SceneDelegate.swift */; };
		A462F9422B9822D200D60FC0 /* PokemonDetailsViewController.swift in Sources */ = {isa = PBXBuildFile; fileRef = A462F9412B9822D200D60FC0 /* PokemonDetailsViewController.swift */; };
		A462F9472B9822D300D60FC0 /* Assets.xcassets in Resources */ = {isa = PBXBuildFile; fileRef = A462F9462B9822D300D60FC0 /* Assets.xcassets */; };
		A462F94A2B9822D300D60FC0 /* LaunchScreen.storyboard in Resources */ = {isa = PBXBuildFile; fileRef = A462F9482B9822D300D60FC0 /* LaunchScreen.storyboard */; };
		A462F9552B9822D300D60FC0 /* HomeViewModelTests.swift in Sources */ = {isa = PBXBuildFile; fileRef = A462F9542B9822D300D60FC0 /* HomeViewModelTests.swift */; };
		A462F95F2B9822D300D60FC0 /* PokemonUITests.swift in Sources */ = {isa = PBXBuildFile; fileRef = A462F95E2B9822D300D60FC0 /* PokemonUITests.swift */; };
		A462F9612B9822D300D60FC0 /* PokemonUITestsLaunchTests.swift in Sources */ = {isa = PBXBuildFile; fileRef = A462F9602B9822D300D60FC0 /* PokemonUITestsLaunchTests.swift */; };
		A4923AF22B9C0DB200DD717E /* PokemonDetailsViewModel.swift in Sources */ = {isa = PBXBuildFile; fileRef = A4923AF12B9C0DB200DD717E /* PokemonDetailsViewModel.swift */; };
		A4923AF52B9C1C4F00DD717E /* ViewState.swift in Sources */ = {isa = PBXBuildFile; fileRef = A4923AF42B9C1C4F00DD717E /* ViewState.swift */; };
		A4923AF82B9D719300DD717E /* AboutView.xib in Resources */ = {isa = PBXBuildFile; fileRef = A4923AF72B9D719300DD717E /* AboutView.xib */; };
		A4923AFA2B9D7ABC00DD717E /* AboutView.swift in Sources */ = {isa = PBXBuildFile; fileRef = A4923AF92B9D7ABC00DD717E /* AboutView.swift */; };
		A4BB61732BBCBAAF0074CE1A /* PokemonDetailsAPITests.swift in Sources */ = {isa = PBXBuildFile; fileRef = A4BB61722BBCBAAF0074CE1A /* PokemonDetailsAPITests.swift */; };
		A4D10E662BAA4F62002740B5 /* HomeAPI.swift in Sources */ = {isa = PBXBuildFile; fileRef = A4D10E652BAA4F62002740B5 /* HomeAPI.swift */; };
		A4D10E682BAA54BA002740B5 /* GoogleService-Info.plist in Resources */ = {isa = PBXBuildFile; fileRef = A4D10E672BAA54BA002740B5 /* GoogleService-Info.plist */; };
		A4D10E6B2BAA56A4002740B5 /* FirebaseAnalyticsWithoutAdIdSupport in Frameworks */ = {isa = PBXBuildFile; productRef = A4D10E6A2BAA56A4002740B5 /* FirebaseAnalyticsWithoutAdIdSupport */; };
		A4D10E6D2BAA56A4002740B5 /* FirebaseCrashlytics in Frameworks */ = {isa = PBXBuildFile; productRef = A4D10E6C2BAA56A4002740B5 /* FirebaseCrashlytics */; };
		A4D10E6F2BAA56A4002740B5 /* FirebaseDatabase in Frameworks */ = {isa = PBXBuildFile; productRef = A4D10E6E2BAA56A4002740B5 /* FirebaseDatabase */; };
		A4D10E712BAA56A4002740B5 /* FirebaseDatabaseSwift in Frameworks */ = {isa = PBXBuildFile; productRef = A4D10E702BAA56A4002740B5 /* FirebaseDatabaseSwift */; };
		A4D10E752BABD448002740B5 /* FirebaseDatabaseService.swift in Sources */ = {isa = PBXBuildFile; fileRef = A4D10E742BABD448002740B5 /* FirebaseDatabaseService.swift */; };
		A4D10E772BABE145002740B5 /* UIColor+Extensions.swift in Sources */ = {isa = PBXBuildFile; fileRef = A4D10E762BABE145002740B5 /* UIColor+Extensions.swift */; };
		A4D10E792BABEC9F002740B5 /* Future+Extensions.swift in Sources */ = {isa = PBXBuildFile; fileRef = A4D10E782BABEC9F002740B5 /* Future+Extensions.swift */; };
		A4D10E7B2BABECD7002740B5 /* PokemonJSON.swift in Sources */ = {isa = PBXBuildFile; fileRef = A4D10E7A2BABECD7002740B5 /* PokemonJSON.swift */; };
		A4D19D402BB8E3170099F225 /* CombineSchedulers in Frameworks */ = {isa = PBXBuildFile; productRef = A4D19D3F2BB8E3170099F225 /* CombineSchedulers */; };
		A4D19D432BB8EEFA0099F225 /* MemoryLeakTracking.swift in Sources */ = {isa = PBXBuildFile; fileRef = A4D19D422BB8EEFA0099F225 /* MemoryLeakTracking.swift */; };
		A4D6B35D2B9FEB10008DD1EF /* StatsView.xib in Resources */ = {isa = PBXBuildFile; fileRef = A4D6B35C2B9FEB10008DD1EF /* StatsView.xib */; };
		A4D6B35F2B9FF53C008DD1EF /* StatsView.swift in Sources */ = {isa = PBXBuildFile; fileRef = A4D6B35E2B9FF53C008DD1EF /* StatsView.swift */; };
		A4D6B3622BA12D22008DD1EF /* EvolutionChainView.xib in Resources */ = {isa = PBXBuildFile; fileRef = A4D6B3612BA12D22008DD1EF /* EvolutionChainView.xib */; };
		A4D6B3642BA131BA008DD1EF /* EvolutionChainView.swift in Sources */ = {isa = PBXBuildFile; fileRef = A4D6B3632BA131BA008DD1EF /* EvolutionChainView.swift */; };
		A4D6B3662BA13242008DD1EF /* EvolutionView.xib in Resources */ = {isa = PBXBuildFile; fileRef = A4D6B3652BA13242008DD1EF /* EvolutionView.xib */; };
		A4D6B3682BA13576008DD1EF /* EvolutionView.swift in Sources */ = {isa = PBXBuildFile; fileRef = A4D6B3672BA13576008DD1EF /* EvolutionView.swift */; };
		A4EDBDAC2BB90352005C5912 /* PokemonDetailsViewModelTests.swift in Sources */ = {isa = PBXBuildFile; fileRef = A4EDBDAB2BB90352005C5912 /* PokemonDetailsViewModelTests.swift */; };
		A4F74F2F2BA2312000FBB8A6 /* HomeViewController.swift in Sources */ = {isa = PBXBuildFile; fileRef = A4F74F2E2BA2312000FBB8A6 /* HomeViewController.swift */; };
/* End PBXBuildFile section */

/* Begin PBXContainerItemProxy section */
		A462F9512B9822D300D60FC0 /* PBXContainerItemProxy */ = {
			isa = PBXContainerItemProxy;
			containerPortal = A462F9322B9822D200D60FC0 /* Project object */;
			proxyType = 1;
			remoteGlobalIDString = A462F9392B9822D200D60FC0;
			remoteInfo = Pokemon;
		};
		A462F95B2B9822D300D60FC0 /* PBXContainerItemProxy */ = {
			isa = PBXContainerItemProxy;
			containerPortal = A462F9322B9822D200D60FC0 /* Project object */;
			proxyType = 1;
			remoteGlobalIDString = A462F9392B9822D200D60FC0;
			remoteInfo = Pokemon;
		};
/* End PBXContainerItemProxy section */

/* Begin PBXFileReference section */
		A403A5982BC19BB3004082E7 /* HomeViewControllerTests.swift */ = {isa = PBXFileReference; lastKnownFileType = sourcecode.swift; path = HomeViewControllerTests.swift; sourceTree = "<group>"; };
		A403A59A2BC1AE37004082E7 /* Pokemon+Fixtures.swift */ = {isa = PBXFileReference; lastKnownFileType = sourcecode.swift; path = "Pokemon+Fixtures.swift"; sourceTree = "<group>"; };
		A405AE622BA24E45003CBBD5 /* PokemonCell.swift */ = {isa = PBXFileReference; lastKnownFileType = sourcecode.swift; path = PokemonCell.swift; sourceTree = "<group>"; };
		A41F58162BA79E4700CF08E6 /* UIView+Extensions.swift */ = {isa = PBXFileReference; lastKnownFileType = sourcecode.swift; path = "UIView+Extensions.swift"; sourceTree = "<group>"; };
		A41F58182BA7AC0200CF08E6 /* AttributeView.swift */ = {isa = PBXFileReference; lastKnownFileType = sourcecode.swift; path = AttributeView.swift; sourceTree = "<group>"; };
		A41F581B2BA7ADFE00CF08E6 /* PokemonDetailsViewController.xib */ = {isa = PBXFileReference; lastKnownFileType = file.xib; path = PokemonDetailsViewController.xib; sourceTree = "<group>"; };
		A41F581D2BA7B3FC00CF08E6 /* UINavigationBar+Extensions.swift */ = {isa = PBXFileReference; lastKnownFileType = sourcecode.swift; path = "UINavigationBar+Extensions.swift"; sourceTree = "<group>"; };
		A41F581F2BA8C27100CF08E6 /* PokemonDetailsAPI.swift */ = {isa = PBXFileReference; lastKnownFileType = sourcecode.swift; path = PokemonDetailsAPI.swift; sourceTree = "<group>"; };
		A41F58212BAA45B700CF08E6 /* HomeViewModel.swift */ = {isa = PBXFileReference; lastKnownFileType = sourcecode.swift; path = HomeViewModel.swift; sourceTree = "<group>"; };
		A45449D52BBD0069000462A5 /* HomeAPITests.swift */ = {isa = PBXFileReference; lastKnownFileType = sourcecode.swift; path = HomeAPITests.swift; sourceTree = "<group>"; };
		A45449D72BC0E1A6000462A5 /* ErrorDummy.swift */ = {isa = PBXFileReference; lastKnownFileType = sourcecode.swift; path = ErrorDummy.swift; sourceTree = "<group>"; };
		A45449D92BC0E311000462A5 /* PokemonTests.swift */ = {isa = PBXFileReference; lastKnownFileType = sourcecode.swift; path = PokemonTests.swift; sourceTree = "<group>"; };
		A45449DB2BC0E40F000462A5 /* TestPlan.xctestplan */ = {isa = PBXFileReference; lastKnownFileType = text; path = TestPlan.xctestplan; sourceTree = "<group>"; };
		A45449DD2BC0F2AA000462A5 /* PokemonJSON+Fixtures.swift */ = {isa = PBXFileReference; lastKnownFileType = sourcecode.swift; path = "PokemonJSON+Fixtures.swift"; sourceTree = "<group>"; };
		A45449DF2BC0F315000462A5 /* RandomValues.swift */ = {isa = PBXFileReference; lastKnownFileType = sourcecode.swift; path = RandomValues.swift; sourceTree = "<group>"; };
		A45449E12BC0F375000462A5 /* PokemonDetailsTests.swift */ = {isa = PBXFileReference; lastKnownFileType = sourcecode.swift; path = PokemonDetailsTests.swift; sourceTree = "<group>"; };
		A45449E42BC0F42D000462A5 /* UIColor+Extension.swift */ = {isa = PBXFileReference; lastKnownFileType = sourcecode.swift; path = "UIColor+Extension.swift"; sourceTree = "<group>"; };
		A45449E62BC0F45F000462A5 /* String+Extension.swift */ = {isa = PBXFileReference; lastKnownFileType = sourcecode.swift; path = "String+Extension.swift"; sourceTree = "<group>"; };
		A462F93A2B9822D200D60FC0 /* Pokemon.app */ = {isa = PBXFileReference; explicitFileType = wrapper.application; includeInIndex = 0; path = Pokemon.app; sourceTree = BUILT_PRODUCTS_DIR; };
		A462F93D2B9822D200D60FC0 /* AppDelegate.swift */ = {isa = PBXFileReference; lastKnownFileType = sourcecode.swift; path = AppDelegate.swift; sourceTree = "<group>"; };
		A462F93F2B9822D200D60FC0 /* SceneDelegate.swift */ = {isa = PBXFileReference; lastKnownFileType = sourcecode.swift; path = SceneDelegate.swift; sourceTree = "<group>"; };
		A462F9412B9822D200D60FC0 /* PokemonDetailsViewController.swift */ = {isa = PBXFileReference; lastKnownFileType = sourcecode.swift; path = PokemonDetailsViewController.swift; sourceTree = "<group>"; };
		A462F9462B9822D300D60FC0 /* Assets.xcassets */ = {isa = PBXFileReference; lastKnownFileType = folder.assetcatalog; path = Assets.xcassets; sourceTree = "<group>"; };
		A462F9492B9822D300D60FC0 /* Base */ = {isa = PBXFileReference; lastKnownFileType = file.storyboard; name = Base; path = Base.lproj/LaunchScreen.storyboard; sourceTree = "<group>"; };
		A462F94B2B9822D300D60FC0 /* Info.plist */ = {isa = PBXFileReference; lastKnownFileType = text.plist.xml; path = Info.plist; sourceTree = "<group>"; };
		A462F9502B9822D300D60FC0 /* PokemonTests.xctest */ = {isa = PBXFileReference; explicitFileType = wrapper.cfbundle; includeInIndex = 0; path = PokemonTests.xctest; sourceTree = BUILT_PRODUCTS_DIR; };
		A462F9542B9822D300D60FC0 /* HomeViewModelTests.swift */ = {isa = PBXFileReference; lastKnownFileType = sourcecode.swift; path = HomeViewModelTests.swift; sourceTree = "<group>"; };
		A462F95A2B9822D300D60FC0 /* PokemonUITests.xctest */ = {isa = PBXFileReference; explicitFileType = wrapper.cfbundle; includeInIndex = 0; path = PokemonUITests.xctest; sourceTree = BUILT_PRODUCTS_DIR; };
		A462F95E2B9822D300D60FC0 /* PokemonUITests.swift */ = {isa = PBXFileReference; lastKnownFileType = sourcecode.swift; path = PokemonUITests.swift; sourceTree = "<group>"; };
		A462F9602B9822D300D60FC0 /* PokemonUITestsLaunchTests.swift */ = {isa = PBXFileReference; lastKnownFileType = sourcecode.swift; path = PokemonUITestsLaunchTests.swift; sourceTree = "<group>"; };
		A4923AF12B9C0DB200DD717E /* PokemonDetailsViewModel.swift */ = {isa = PBXFileReference; lastKnownFileType = sourcecode.swift; path = PokemonDetailsViewModel.swift; sourceTree = "<group>"; };
		A4923AF42B9C1C4F00DD717E /* ViewState.swift */ = {isa = PBXFileReference; lastKnownFileType = sourcecode.swift; path = ViewState.swift; sourceTree = "<group>"; };
		A4923AF72B9D719300DD717E /* AboutView.xib */ = {isa = PBXFileReference; lastKnownFileType = file.xib; path = AboutView.xib; sourceTree = "<group>"; };
		A4923AF92B9D7ABC00DD717E /* AboutView.swift */ = {isa = PBXFileReference; lastKnownFileType = sourcecode.swift; path = AboutView.swift; sourceTree = "<group>"; };
		A4BB61722BBCBAAF0074CE1A /* PokemonDetailsAPITests.swift */ = {isa = PBXFileReference; lastKnownFileType = sourcecode.swift; path = PokemonDetailsAPITests.swift; sourceTree = "<group>"; };
		A4D10E652BAA4F62002740B5 /* HomeAPI.swift */ = {isa = PBXFileReference; lastKnownFileType = sourcecode.swift; path = HomeAPI.swift; sourceTree = "<group>"; };
		A4D10E672BAA54BA002740B5 /* GoogleService-Info.plist */ = {isa = PBXFileReference; fileEncoding = 4; lastKnownFileType = text.plist.xml; path = "GoogleService-Info.plist"; sourceTree = "<group>"; };
		A4D10E742BABD448002740B5 /* FirebaseDatabaseService.swift */ = {isa = PBXFileReference; lastKnownFileType = sourcecode.swift; path = FirebaseDatabaseService.swift; sourceTree = "<group>"; };
		A4D10E762BABE145002740B5 /* UIColor+Extensions.swift */ = {isa = PBXFileReference; lastKnownFileType = sourcecode.swift; path = "UIColor+Extensions.swift"; sourceTree = "<group>"; };
		A4D10E782BABEC9F002740B5 /* Future+Extensions.swift */ = {isa = PBXFileReference; lastKnownFileType = sourcecode.swift; path = "Future+Extensions.swift"; sourceTree = "<group>"; };
		A4D10E7A2BABECD7002740B5 /* PokemonJSON.swift */ = {isa = PBXFileReference; lastKnownFileType = sourcecode.swift; path = PokemonJSON.swift; sourceTree = "<group>"; };
		A4D19D422BB8EEFA0099F225 /* MemoryLeakTracking.swift */ = {isa = PBXFileReference; lastKnownFileType = sourcecode.swift; path = MemoryLeakTracking.swift; sourceTree = "<group>"; };
		A4D6B35C2B9FEB10008DD1EF /* StatsView.xib */ = {isa = PBXFileReference; lastKnownFileType = file.xib; path = StatsView.xib; sourceTree = "<group>"; };
		A4D6B35E2B9FF53C008DD1EF /* StatsView.swift */ = {isa = PBXFileReference; lastKnownFileType = sourcecode.swift; path = StatsView.swift; sourceTree = "<group>"; };
		A4D6B3612BA12D22008DD1EF /* EvolutionChainView.xib */ = {isa = PBXFileReference; lastKnownFileType = file.xib; path = EvolutionChainView.xib; sourceTree = "<group>"; };
		A4D6B3632BA131BA008DD1EF /* EvolutionChainView.swift */ = {isa = PBXFileReference; lastKnownFileType = sourcecode.swift; path = EvolutionChainView.swift; sourceTree = "<group>"; };
		A4D6B3652BA13242008DD1EF /* EvolutionView.xib */ = {isa = PBXFileReference; lastKnownFileType = file.xib; path = EvolutionView.xib; sourceTree = "<group>"; };
		A4D6B3672BA13576008DD1EF /* EvolutionView.swift */ = {isa = PBXFileReference; lastKnownFileType = sourcecode.swift; path = EvolutionView.swift; sourceTree = "<group>"; };
		A4EDBDAB2BB90352005C5912 /* PokemonDetailsViewModelTests.swift */ = {isa = PBXFileReference; lastKnownFileType = sourcecode.swift; path = PokemonDetailsViewModelTests.swift; sourceTree = "<group>"; };
		A4F74F2E2BA2312000FBB8A6 /* HomeViewController.swift */ = {isa = PBXFileReference; lastKnownFileType = sourcecode.swift; path = HomeViewController.swift; sourceTree = "<group>"; };
/* End PBXFileReference section */

/* Begin PBXFrameworksBuildPhase section */
		A462F9372B9822D200D60FC0 /* Frameworks */ = {
			isa = PBXFrameworksBuildPhase;
			buildActionMask = 2147483647;
			files = (
				A4D10E712BAA56A4002740B5 /* FirebaseDatabaseSwift in Frameworks */,
				A4D10E6D2BAA56A4002740B5 /* FirebaseCrashlytics in Frameworks */,
				A4D19D402BB8E3170099F225 /* CombineSchedulers in Frameworks */,
				A405AE662BA3D2D0003CBBD5 /* Kingfisher in Frameworks */,
				A4D10E6F2BAA56A4002740B5 /* FirebaseDatabase in Frameworks */,
				A4D10E6B2BAA56A4002740B5 /* FirebaseAnalyticsWithoutAdIdSupport in Frameworks */,
			);
			runOnlyForDeploymentPostprocessing = 0;
		};
		A462F94D2B9822D300D60FC0 /* Frameworks */ = {
			isa = PBXFrameworksBuildPhase;
			buildActionMask = 2147483647;
			files = (
			);
			runOnlyForDeploymentPostprocessing = 0;
		};
		A462F9572B9822D300D60FC0 /* Frameworks */ = {
			isa = PBXFrameworksBuildPhase;
			buildActionMask = 2147483647;
			files = (
			);
			runOnlyForDeploymentPostprocessing = 0;
		};
/* End PBXFrameworksBuildPhase section */

/* Begin PBXGroup section */
		A403A5952BC19AB6004082E7 /* Home */ = {
			isa = PBXGroup;
			children = (
				A403A5982BC19BB3004082E7 /* HomeViewControllerTests.swift */,
				A462F9542B9822D300D60FC0 /* HomeViewModelTests.swift */,
				A45449D52BBD0069000462A5 /* HomeAPITests.swift */,
			);
			path = Home;
			sourceTree = "<group>";
		};
		A403A5962BC19AD2004082E7 /* Details */ = {
			isa = PBXGroup;
			children = (
				A4EDBDAB2BB90352005C5912 /* PokemonDetailsViewModelTests.swift */,
				A4BB61722BBCBAAF0074CE1A /* PokemonDetailsAPITests.swift */,
			);
			path = Details;
			sourceTree = "<group>";
		};
		A403A5972BC19B05004082E7 /* Services */ = {
			isa = PBXGroup;
			children = (
				A45449D92BC0E311000462A5 /* PokemonTests.swift */,
				A45449E12BC0F375000462A5 /* PokemonDetailsTests.swift */,
			);
			path = Services;
			sourceTree = "<group>";
		};
		A405AE612BA24DAD003CBBD5 /* Home */ = {
			isa = PBXGroup;
			children = (
				A41F581A2BA7AC1D00CF08E6 /* Views */,
				A4F74F2E2BA2312000FBB8A6 /* HomeViewController.swift */,
				A41F58212BAA45B700CF08E6 /* HomeViewModel.swift */,
				A4D10E652BAA4F62002740B5 /* HomeAPI.swift */,
			);
			path = Home;
			sourceTree = "<group>";
		};
		A41F581A2BA7AC1D00CF08E6 /* Views */ = {
			isa = PBXGroup;
			children = (
				A41F58182BA7AC0200CF08E6 /* AttributeView.swift */,
				A405AE622BA24E45003CBBD5 /* PokemonCell.swift */,
			);
			path = Views;
			sourceTree = "<group>";
		};
		A45449DC2BC0F290000462A5 /* Fixtures */ = {
			isa = PBXGroup;
			children = (
				A45449DD2BC0F2AA000462A5 /* PokemonJSON+Fixtures.swift */,
				A403A59A2BC1AE37004082E7 /* Pokemon+Fixtures.swift */,
			);
			path = Fixtures;
			sourceTree = "<group>";
		};
		A45449E32BC0F41A000462A5 /* Extensions */ = {
			isa = PBXGroup;
			children = (
				A45449E42BC0F42D000462A5 /* UIColor+Extension.swift */,
				A45449E62BC0F45F000462A5 /* String+Extension.swift */,
			);
			path = Extensions;
			sourceTree = "<group>";
		};
		A462F9312B9822D200D60FC0 = {
			isa = PBXGroup;
			children = (
				A462F93C2B9822D200D60FC0 /* Pokemon */,
				A462F9532B9822D300D60FC0 /* PokemonTests */,
				A462F95D2B9822D300D60FC0 /* PokemonUITests */,
				A462F93B2B9822D200D60FC0 /* Products */,
			);
			sourceTree = "<group>";
		};
		A462F93B2B9822D200D60FC0 /* Products */ = {
			isa = PBXGroup;
			children = (
				A462F93A2B9822D200D60FC0 /* Pokemon.app */,
				A462F9502B9822D300D60FC0 /* PokemonTests.xctest */,
				A462F95A2B9822D300D60FC0 /* PokemonUITests.xctest */,
			);
			name = Products;
			sourceTree = "<group>";
		};
		A462F93C2B9822D200D60FC0 /* Pokemon */ = {
			isa = PBXGroup;
			children = (
				A4D10E732BABD41E002740B5 /* Services */,
				A4923AF32B9C1C3100DD717E /* Utils */,
				A405AE612BA24DAD003CBBD5 /* Home */,
				A4923AF02B9C0D2B00DD717E /* Details */,
				A462F93D2B9822D200D60FC0 /* AppDelegate.swift */,
				A462F93F2B9822D200D60FC0 /* SceneDelegate.swift */,
				A462F9462B9822D300D60FC0 /* Assets.xcassets */,
				A4D10E672BAA54BA002740B5 /* GoogleService-Info.plist */,
				A462F9482B9822D300D60FC0 /* LaunchScreen.storyboard */,
				A462F94B2B9822D300D60FC0 /* Info.plist */,
			);
			path = Pokemon;
			sourceTree = "<group>";
		};
		A462F9532B9822D300D60FC0 /* PokemonTests */ = {
			isa = PBXGroup;
			children = (
				A45449DB2BC0E40F000462A5 /* TestPlan.xctestplan */,
				A4D19D412BB8EEE80099F225 /* TestUtils */,
				A403A5972BC19B05004082E7 /* Services */,
				A403A5952BC19AB6004082E7 /* Home */,
				A403A5962BC19AD2004082E7 /* Details */,
			);
			path = PokemonTests;
			sourceTree = "<group>";
		};
		A462F95D2B9822D300D60FC0 /* PokemonUITests */ = {
			isa = PBXGroup;
			children = (
				A462F95E2B9822D300D60FC0 /* PokemonUITests.swift */,
				A462F9602B9822D300D60FC0 /* PokemonUITestsLaunchTests.swift */,
			);
			path = PokemonUITests;
			sourceTree = "<group>";
		};
		A4923AF02B9C0D2B00DD717E /* Details */ = {
			isa = PBXGroup;
			children = (
				A4923AF62B9D717400DD717E /* Views */,
				A462F9412B9822D200D60FC0 /* PokemonDetailsViewController.swift */,
				A41F581B2BA7ADFE00CF08E6 /* PokemonDetailsViewController.xib */,
				A4923AF12B9C0DB200DD717E /* PokemonDetailsViewModel.swift */,
				A41F581F2BA8C27100CF08E6 /* PokemonDetailsAPI.swift */,
			);
			path = Details;
			sourceTree = "<group>";
		};
		A4923AF32B9C1C3100DD717E /* Utils */ = {
			isa = PBXGroup;
			children = (
				A4923AF42B9C1C4F00DD717E /* ViewState.swift */,
				A41F58162BA79E4700CF08E6 /* UIView+Extensions.swift */,
				A41F581D2BA7B3FC00CF08E6 /* UINavigationBar+Extensions.swift */,
				A4D10E762BABE145002740B5 /* UIColor+Extensions.swift */,
				A4D10E782BABEC9F002740B5 /* Future+Extensions.swift */,
			);
			path = Utils;
			sourceTree = "<group>";
		};
		A4923AF62B9D717400DD717E /* Views */ = {
			isa = PBXGroup;
			children = (
				A4D6B3602BA12CE2008DD1EF /* Evolution */,
				A4923AF92B9D7ABC00DD717E /* AboutView.swift */,
				A4923AF72B9D719300DD717E /* AboutView.xib */,
				A4D6B35E2B9FF53C008DD1EF /* StatsView.swift */,
				A4D6B35C2B9FEB10008DD1EF /* StatsView.xib */,
			);
			path = Views;
			sourceTree = "<group>";
		};
		A4D10E732BABD41E002740B5 /* Services */ = {
			isa = PBXGroup;
			children = (
				A4D10E742BABD448002740B5 /* FirebaseDatabaseService.swift */,
				A4D10E7A2BABECD7002740B5 /* PokemonJSON.swift */,
			);
			path = Services;
			sourceTree = "<group>";
		};
		A4D19D412BB8EEE80099F225 /* TestUtils */ = {
			isa = PBXGroup;
			children = (
				A45449E32BC0F41A000462A5 /* Extensions */,
				A45449DC2BC0F290000462A5 /* Fixtures */,
				A4D19D422BB8EEFA0099F225 /* MemoryLeakTracking.swift */,
				A45449D72BC0E1A6000462A5 /* ErrorDummy.swift */,
				A45449DF2BC0F315000462A5 /* RandomValues.swift */,
			);
			path = TestUtils;
			sourceTree = "<group>";
		};
		A4D6B3602BA12CE2008DD1EF /* Evolution */ = {
			isa = PBXGroup;
			children = (
				A4D6B3612BA12D22008DD1EF /* EvolutionChainView.xib */,
				A4D6B3632BA131BA008DD1EF /* EvolutionChainView.swift */,
				A4D6B3652BA13242008DD1EF /* EvolutionView.xib */,
				A4D6B3672BA13576008DD1EF /* EvolutionView.swift */,
			);
			path = Evolution;
			sourceTree = "<group>";
		};
/* End PBXGroup section */

/* Begin PBXNativeTarget section */
		A462F9392B9822D200D60FC0 /* Pokemon */ = {
			isa = PBXNativeTarget;
			buildConfigurationList = A462F9642B9822D300D60FC0 /* Build configuration list for PBXNativeTarget "Pokemon" */;
			buildPhases = (
				A462F9362B9822D200D60FC0 /* Sources */,
				A462F9372B9822D200D60FC0 /* Frameworks */,
				A462F9382B9822D200D60FC0 /* Resources */,
				A4D10E722BAA596C002740B5 /* Crashlytics */,
			);
			buildRules = (
			);
			dependencies = (
			);
			name = Pokemon;
			packageProductDependencies = (
				A405AE652BA3D2D0003CBBD5 /* Kingfisher */,
				A4D10E6A2BAA56A4002740B5 /* FirebaseAnalyticsWithoutAdIdSupport */,
				A4D10E6C2BAA56A4002740B5 /* FirebaseCrashlytics */,
				A4D10E6E2BAA56A4002740B5 /* FirebaseDatabase */,
				A4D10E702BAA56A4002740B5 /* FirebaseDatabaseSwift */,
				A4D19D3F2BB8E3170099F225 /* CombineSchedulers */,
			);
			productName = Pokemon;
			productReference = A462F93A2B9822D200D60FC0 /* Pokemon.app */;
			productType = "com.apple.product-type.application";
		};
		A462F94F2B9822D300D60FC0 /* PokemonTests */ = {
			isa = PBXNativeTarget;
			buildConfigurationList = A462F9672B9822D300D60FC0 /* Build configuration list for PBXNativeTarget "PokemonTests" */;
			buildPhases = (
				A462F94C2B9822D300D60FC0 /* Sources */,
				A462F94D2B9822D300D60FC0 /* Frameworks */,
				A462F94E2B9822D300D60FC0 /* Resources */,
			);
			buildRules = (
			);
			dependencies = (
				A462F9522B9822D300D60FC0 /* PBXTargetDependency */,
			);
			name = PokemonTests;
			productName = PokemonTests;
			productReference = A462F9502B9822D300D60FC0 /* PokemonTests.xctest */;
			productType = "com.apple.product-type.bundle.unit-test";
		};
		A462F9592B9822D300D60FC0 /* PokemonUITests */ = {
			isa = PBXNativeTarget;
			buildConfigurationList = A462F96A2B9822D300D60FC0 /* Build configuration list for PBXNativeTarget "PokemonUITests" */;
			buildPhases = (
				A462F9562B9822D300D60FC0 /* Sources */,
				A462F9572B9822D300D60FC0 /* Frameworks */,
				A462F9582B9822D300D60FC0 /* Resources */,
			);
			buildRules = (
			);
			dependencies = (
				A462F95C2B9822D300D60FC0 /* PBXTargetDependency */,
			);
			name = PokemonUITests;
			productName = PokemonUITests;
			productReference = A462F95A2B9822D300D60FC0 /* PokemonUITests.xctest */;
			productType = "com.apple.product-type.bundle.ui-testing";
		};
/* End PBXNativeTarget section */

/* Begin PBXProject section */
		A462F9322B9822D200D60FC0 /* Project object */ = {
			isa = PBXProject;
			attributes = {
				BuildIndependentTargetsInParallel = 1;
				LastSwiftUpdateCheck = 1500;
				LastUpgradeCheck = 1500;
				TargetAttributes = {
					A462F9392B9822D200D60FC0 = {
						CreatedOnToolsVersion = 15.0;
					};
					A462F94F2B9822D300D60FC0 = {
						CreatedOnToolsVersion = 15.0;
						TestTargetID = A462F9392B9822D200D60FC0;
					};
					A462F9592B9822D300D60FC0 = {
						CreatedOnToolsVersion = 15.0;
						TestTargetID = A462F9392B9822D200D60FC0;
					};
				};
			};
			buildConfigurationList = A462F9352B9822D200D60FC0 /* Build configuration list for PBXProject "Pokemon" */;
			compatibilityVersion = "Xcode 14.0";
			developmentRegion = en;
			hasScannedForEncodings = 0;
			knownRegions = (
				en,
				Base,
			);
			mainGroup = A462F9312B9822D200D60FC0;
			packageReferences = (
				A405AE642BA3D2D0003CBBD5 /* XCRemoteSwiftPackageReference "Kingfisher" */,
				A4D10E692BAA56A4002740B5 /* XCRemoteSwiftPackageReference "firebase-ios-sdk" */,
				A4D19D3E2BB8E3170099F225 /* XCRemoteSwiftPackageReference "combine-schedulers" */,
			);
			productRefGroup = A462F93B2B9822D200D60FC0 /* Products */;
			projectDirPath = "";
			projectRoot = "";
			targets = (
				A462F9392B9822D200D60FC0 /* Pokemon */,
				A462F94F2B9822D300D60FC0 /* PokemonTests */,
				A462F9592B9822D300D60FC0 /* PokemonUITests */,
			);
		};
/* End PBXProject section */

/* Begin PBXResourcesBuildPhase section */
		A462F9382B9822D200D60FC0 /* Resources */ = {
			isa = PBXResourcesBuildPhase;
			buildActionMask = 2147483647;
			files = (
				A4D6B3662BA13242008DD1EF /* EvolutionView.xib in Resources */,
				A4D10E682BAA54BA002740B5 /* GoogleService-Info.plist in Resources */,
				A4D6B35D2B9FEB10008DD1EF /* StatsView.xib in Resources */,
				A4923AF82B9D719300DD717E /* AboutView.xib in Resources */,
				A462F94A2B9822D300D60FC0 /* LaunchScreen.storyboard in Resources */,
				A462F9472B9822D300D60FC0 /* Assets.xcassets in Resources */,
				A4D6B3622BA12D22008DD1EF /* EvolutionChainView.xib in Resources */,
				A41F581C2BA7ADFE00CF08E6 /* PokemonDetailsViewController.xib in Resources */,
			);
			runOnlyForDeploymentPostprocessing = 0;
		};
		A462F94E2B9822D300D60FC0 /* Resources */ = {
			isa = PBXResourcesBuildPhase;
			buildActionMask = 2147483647;
			files = (
			);
			runOnlyForDeploymentPostprocessing = 0;
		};
		A462F9582B9822D300D60FC0 /* Resources */ = {
			isa = PBXResourcesBuildPhase;
			buildActionMask = 2147483647;
			files = (
			);
			runOnlyForDeploymentPostprocessing = 0;
		};
/* End PBXResourcesBuildPhase section */

/* Begin PBXShellScriptBuildPhase section */
		A4D10E722BAA596C002740B5 /* Crashlytics */ = {
			isa = PBXShellScriptBuildPhase;
			buildActionMask = 2147483647;
			files = (
			);
			inputFileListPaths = (
			);
			inputPaths = (
				"${DWARF_DSYM_FOLDER_PATH}/${DWARF_DSYM_FILE_NAME}",
				"${DWARF_DSYM_FOLDER_PATH}/${DWARF_DSYM_FILE_NAME}/Contents/Resources/DWARF/${PRODUCT_NAME}",
				"${DWARF_DSYM_FOLDER_PATH}/${DWARF_DSYM_FILE_NAME}/Contents/Info.plist",
				"$(TARGET_BUILD_DIR)/$(UNLOCALIZED_RESOURCES_FOLDER_PATH)/GoogleService-Info.plist",
				"$(TARGET_BUILD_DIR)/$(EXECUTABLE_PATH)",
			);
			name = Crashlytics;
			outputFileListPaths = (
			);
			outputPaths = (
			);
			runOnlyForDeploymentPostprocessing = 0;
			shellPath = /bin/sh;
			shellScript = "\"${BUILD_DIR%/Build/*}/SourcePackages/checkouts/firebase-ios-sdk/Crashlytics/run\"\n";
		};
/* End PBXShellScriptBuildPhase section */

/* Begin PBXSourcesBuildPhase section */
		A462F9362B9822D200D60FC0 /* Sources */ = {
			isa = PBXSourcesBuildPhase;
			buildActionMask = 2147483647;
			files = (
				A4D6B3682BA13576008DD1EF /* EvolutionView.swift in Sources */,
				A462F9422B9822D200D60FC0 /* PokemonDetailsViewController.swift in Sources */,
				A4D10E752BABD448002740B5 /* FirebaseDatabaseService.swift in Sources */,
				A405AE632BA24E45003CBBD5 /* PokemonCell.swift in Sources */,
				A4D10E662BAA4F62002740B5 /* HomeAPI.swift in Sources */,
				A41F58222BAA45B700CF08E6 /* HomeViewModel.swift in Sources */,
				A462F93E2B9822D200D60FC0 /* AppDelegate.swift in Sources */,
				A4F74F2F2BA2312000FBB8A6 /* HomeViewController.swift in Sources */,
				A4D10E792BABEC9F002740B5 /* Future+Extensions.swift in Sources */,
				A41F58192BA7AC0200CF08E6 /* AttributeView.swift in Sources */,
				A4923AF52B9C1C4F00DD717E /* ViewState.swift in Sources */,
				A4D10E772BABE145002740B5 /* UIColor+Extensions.swift in Sources */,
				A41F58172BA79E4700CF08E6 /* UIView+Extensions.swift in Sources */,
				A41F58202BA8C27100CF08E6 /* PokemonDetailsAPI.swift in Sources */,
				A4D10E7B2BABECD7002740B5 /* PokemonJSON.swift in Sources */,
				A462F9402B9822D200D60FC0 /* SceneDelegate.swift in Sources */,
				A4923AFA2B9D7ABC00DD717E /* AboutView.swift in Sources */,
				A4D6B35F2B9FF53C008DD1EF /* StatsView.swift in Sources */,
				A4D6B3642BA131BA008DD1EF /* EvolutionChainView.swift in Sources */,
				A4923AF22B9C0DB200DD717E /* PokemonDetailsViewModel.swift in Sources */,
				A41F581E2BA7B3FC00CF08E6 /* UINavigationBar+Extensions.swift in Sources */,
			);
			runOnlyForDeploymentPostprocessing = 0;
		};
		A462F94C2B9822D300D60FC0 /* Sources */ = {
			isa = PBXSourcesBuildPhase;
			buildActionMask = 2147483647;
			files = (
				A45449E02BC0F315000462A5 /* RandomValues.swift in Sources */,
				A4EDBDAC2BB90352005C5912 /* PokemonDetailsViewModelTests.swift in Sources */,
				A403A5992BC19BB3004082E7 /* HomeViewControllerTests.swift in Sources */,
				A45449DE2BC0F2AA000462A5 /* PokemonJSON+Fixtures.swift in Sources */,
				A45449E52BC0F42D000462A5 /* UIColor+Extension.swift in Sources */,
				A45449E72BC0F45F000462A5 /* String+Extension.swift in Sources */,
				A45449DA2BC0E311000462A5 /* PokemonTests.swift in Sources */,
				A45449E22BC0F375000462A5 /* PokemonDetailsTests.swift in Sources */,
				A4D19D432BB8EEFA0099F225 /* MemoryLeakTracking.swift in Sources */,
				A45449D62BBD0069000462A5 /* HomeAPITests.swift in Sources */,
				A45449D82BC0E1A6000462A5 /* ErrorDummy.swift in Sources */,
				A462F9552B9822D300D60FC0 /* HomeViewModelTests.swift in Sources */,
				A4BB61732BBCBAAF0074CE1A /* PokemonDetailsAPITests.swift in Sources */,
				A403A59B2BC1AE37004082E7 /* Pokemon+Fixtures.swift in Sources */,
			);
			runOnlyForDeploymentPostprocessing = 0;
		};
		A462F9562B9822D300D60FC0 /* Sources */ = {
			isa = PBXSourcesBuildPhase;
			buildActionMask = 2147483647;
			files = (
				A462F9612B9822D300D60FC0 /* PokemonUITestsLaunchTests.swift in Sources */,
				A462F95F2B9822D300D60FC0 /* PokemonUITests.swift in Sources */,
			);
			runOnlyForDeploymentPostprocessing = 0;
		};
/* End PBXSourcesBuildPhase section */

/* Begin PBXTargetDependency section */
		A462F9522B9822D300D60FC0 /* PBXTargetDependency */ = {
			isa = PBXTargetDependency;
			target = A462F9392B9822D200D60FC0 /* Pokemon */;
			targetProxy = A462F9512B9822D300D60FC0 /* PBXContainerItemProxy */;
		};
		A462F95C2B9822D300D60FC0 /* PBXTargetDependency */ = {
			isa = PBXTargetDependency;
			target = A462F9392B9822D200D60FC0 /* Pokemon */;
			targetProxy = A462F95B2B9822D300D60FC0 /* PBXContainerItemProxy */;
		};
/* End PBXTargetDependency section */

/* Begin PBXVariantGroup section */
		A462F9482B9822D300D60FC0 /* LaunchScreen.storyboard */ = {
			isa = PBXVariantGroup;
			children = (
				A462F9492B9822D300D60FC0 /* Base */,
			);
			name = LaunchScreen.storyboard;
			sourceTree = "<group>";
		};
/* End PBXVariantGroup section */

/* Begin XCBuildConfiguration section */
		A462F9622B9822D300D60FC0 /* Debug */ = {
			isa = XCBuildConfiguration;
			buildSettings = {
				ALWAYS_SEARCH_USER_PATHS = NO;
				ASSETCATALOG_COMPILER_GENERATE_SWIFT_ASSET_SYMBOL_EXTENSIONS = YES;
				CLANG_ANALYZER_NONNULL = YES;
				CLANG_ANALYZER_NUMBER_OBJECT_CONVERSION = YES_AGGRESSIVE;
				CLANG_CXX_LANGUAGE_STANDARD = "gnu++20";
				CLANG_ENABLE_MODULES = YES;
				CLANG_ENABLE_OBJC_ARC = YES;
				CLANG_ENABLE_OBJC_WEAK = YES;
				CLANG_WARN_BLOCK_CAPTURE_AUTORELEASING = YES;
				CLANG_WARN_BOOL_CONVERSION = YES;
				CLANG_WARN_COMMA = YES;
				CLANG_WARN_CONSTANT_CONVERSION = YES;
				CLANG_WARN_DEPRECATED_OBJC_IMPLEMENTATIONS = YES;
				CLANG_WARN_DIRECT_OBJC_ISA_USAGE = YES_ERROR;
				CLANG_WARN_DOCUMENTATION_COMMENTS = YES;
				CLANG_WARN_EMPTY_BODY = YES;
				CLANG_WARN_ENUM_CONVERSION = YES;
				CLANG_WARN_INFINITE_RECURSION = YES;
				CLANG_WARN_INT_CONVERSION = YES;
				CLANG_WARN_NON_LITERAL_NULL_CONVERSION = YES;
				CLANG_WARN_OBJC_IMPLICIT_RETAIN_SELF = YES;
				CLANG_WARN_OBJC_LITERAL_CONVERSION = YES;
				CLANG_WARN_OBJC_ROOT_CLASS = YES_ERROR;
				CLANG_WARN_QUOTED_INCLUDE_IN_FRAMEWORK_HEADER = YES;
				CLANG_WARN_RANGE_LOOP_ANALYSIS = YES;
				CLANG_WARN_STRICT_PROTOTYPES = YES;
				CLANG_WARN_SUSPICIOUS_MOVE = YES;
				CLANG_WARN_UNGUARDED_AVAILABILITY = YES_AGGRESSIVE;
				CLANG_WARN_UNREACHABLE_CODE = YES;
				CLANG_WARN__DUPLICATE_METHOD_MATCH = YES;
				COPY_PHASE_STRIP = NO;
				DEBUG_INFORMATION_FORMAT = dwarf;
				ENABLE_STRICT_OBJC_MSGSEND = YES;
				ENABLE_TESTABILITY = YES;
				ENABLE_USER_SCRIPT_SANDBOXING = YES;
				GCC_C_LANGUAGE_STANDARD = gnu17;
				GCC_DYNAMIC_NO_PIC = NO;
				GCC_NO_COMMON_BLOCKS = YES;
				GCC_OPTIMIZATION_LEVEL = 0;
				GCC_PREPROCESSOR_DEFINITIONS = (
					"DEBUG=1",
					"$(inherited)",
				);
				GCC_WARN_64_TO_32_BIT_CONVERSION = YES;
				GCC_WARN_ABOUT_RETURN_TYPE = YES_ERROR;
				GCC_WARN_UNDECLARED_SELECTOR = YES;
				GCC_WARN_UNINITIALIZED_AUTOS = YES_AGGRESSIVE;
				GCC_WARN_UNUSED_FUNCTION = YES;
				GCC_WARN_UNUSED_VARIABLE = YES;
				IPHONEOS_DEPLOYMENT_TARGET = 17.0;
				LOCALIZATION_PREFERS_STRING_CATALOGS = YES;
				MTL_ENABLE_DEBUG_INFO = INCLUDE_SOURCE;
				MTL_FAST_MATH = YES;
				ONLY_ACTIVE_ARCH = YES;
				SDKROOT = iphoneos;
				SWIFT_ACTIVE_COMPILATION_CONDITIONS = "DEBUG $(inherited)";
				SWIFT_OPTIMIZATION_LEVEL = "-Onone";
			};
			name = Debug;
		};
		A462F9632B9822D300D60FC0 /* Release */ = {
			isa = XCBuildConfiguration;
			buildSettings = {
				ALWAYS_SEARCH_USER_PATHS = NO;
				ASSETCATALOG_COMPILER_GENERATE_SWIFT_ASSET_SYMBOL_EXTENSIONS = YES;
				CLANG_ANALYZER_NONNULL = YES;
				CLANG_ANALYZER_NUMBER_OBJECT_CONVERSION = YES_AGGRESSIVE;
				CLANG_CXX_LANGUAGE_STANDARD = "gnu++20";
				CLANG_ENABLE_MODULES = YES;
				CLANG_ENABLE_OBJC_ARC = YES;
				CLANG_ENABLE_OBJC_WEAK = YES;
				CLANG_WARN_BLOCK_CAPTURE_AUTORELEASING = YES;
				CLANG_WARN_BOOL_CONVERSION = YES;
				CLANG_WARN_COMMA = YES;
				CLANG_WARN_CONSTANT_CONVERSION = YES;
				CLANG_WARN_DEPRECATED_OBJC_IMPLEMENTATIONS = YES;
				CLANG_WARN_DIRECT_OBJC_ISA_USAGE = YES_ERROR;
				CLANG_WARN_DOCUMENTATION_COMMENTS = YES;
				CLANG_WARN_EMPTY_BODY = YES;
				CLANG_WARN_ENUM_CONVERSION = YES;
				CLANG_WARN_INFINITE_RECURSION = YES;
				CLANG_WARN_INT_CONVERSION = YES;
				CLANG_WARN_NON_LITERAL_NULL_CONVERSION = YES;
				CLANG_WARN_OBJC_IMPLICIT_RETAIN_SELF = YES;
				CLANG_WARN_OBJC_LITERAL_CONVERSION = YES;
				CLANG_WARN_OBJC_ROOT_CLASS = YES_ERROR;
				CLANG_WARN_QUOTED_INCLUDE_IN_FRAMEWORK_HEADER = YES;
				CLANG_WARN_RANGE_LOOP_ANALYSIS = YES;
				CLANG_WARN_STRICT_PROTOTYPES = YES;
				CLANG_WARN_SUSPICIOUS_MOVE = YES;
				CLANG_WARN_UNGUARDED_AVAILABILITY = YES_AGGRESSIVE;
				CLANG_WARN_UNREACHABLE_CODE = YES;
				CLANG_WARN__DUPLICATE_METHOD_MATCH = YES;
				COPY_PHASE_STRIP = NO;
				DEBUG_INFORMATION_FORMAT = "dwarf-with-dsym";
				ENABLE_NS_ASSERTIONS = NO;
				ENABLE_STRICT_OBJC_MSGSEND = YES;
				ENABLE_USER_SCRIPT_SANDBOXING = YES;
				GCC_C_LANGUAGE_STANDARD = gnu17;
				GCC_NO_COMMON_BLOCKS = YES;
				GCC_WARN_64_TO_32_BIT_CONVERSION = YES;
				GCC_WARN_ABOUT_RETURN_TYPE = YES_ERROR;
				GCC_WARN_UNDECLARED_SELECTOR = YES;
				GCC_WARN_UNINITIALIZED_AUTOS = YES_AGGRESSIVE;
				GCC_WARN_UNUSED_FUNCTION = YES;
				GCC_WARN_UNUSED_VARIABLE = YES;
				IPHONEOS_DEPLOYMENT_TARGET = 17.0;
				LOCALIZATION_PREFERS_STRING_CATALOGS = YES;
				MTL_ENABLE_DEBUG_INFO = NO;
				MTL_FAST_MATH = YES;
				SDKROOT = iphoneos;
				SWIFT_COMPILATION_MODE = wholemodule;
				VALIDATE_PRODUCT = YES;
			};
			name = Release;
		};
		A462F9652B9822D300D60FC0 /* Debug */ = {
			isa = XCBuildConfiguration;
			buildSettings = {
				ASSETCATALOG_COMPILER_APPICON_NAME = AppIcon;
				ASSETCATALOG_COMPILER_GLOBAL_ACCENT_COLOR_NAME = AccentColor;
				CODE_SIGN_STYLE = Automatic;
				CURRENT_PROJECT_VERSION = 1;
				DEBUG_INFORMATION_FORMAT = "dwarf-with-dsym";
				DEVELOPMENT_TEAM = 69T9YBDLV5;
				GENERATE_INFOPLIST_FILE = YES;
				INFOPLIST_FILE = Pokemon/Info.plist;
				INFOPLIST_KEY_UIApplicationSupportsIndirectInputEvents = YES;
				INFOPLIST_KEY_UILaunchStoryboardName = LaunchScreen;
				INFOPLIST_KEY_UIStatusBarStyle = "";
				INFOPLIST_KEY_UISupportedInterfaceOrientations_iPad = "UIInterfaceOrientationPortrait UIInterfaceOrientationPortraitUpsideDown UIInterfaceOrientationLandscapeLeft UIInterfaceOrientationLandscapeRight";
				INFOPLIST_KEY_UISupportedInterfaceOrientations_iPhone = "UIInterfaceOrientationPortrait UIInterfaceOrientationLandscapeLeft UIInterfaceOrientationLandscapeRight";
				LD_RUNPATH_SEARCH_PATHS = (
					"$(inherited)",
					"@executable_path/Frameworks",
				);
				MARKETING_VERSION = 1.0;
				PRODUCT_BUNDLE_IDENTIFIER = com.policiano.Pokemon;
				PRODUCT_NAME = "$(TARGET_NAME)";
				SWIFT_EMIT_LOC_STRINGS = YES;
				SWIFT_VERSION = 5.0;
				TARGETED_DEVICE_FAMILY = "1,2";
			};
			name = Debug;
		};
		A462F9662B9822D300D60FC0 /* Release */ = {
			isa = XCBuildConfiguration;
			buildSettings = {
				ASSETCATALOG_COMPILER_APPICON_NAME = AppIcon;
				ASSETCATALOG_COMPILER_GLOBAL_ACCENT_COLOR_NAME = AccentColor;
				CODE_SIGN_STYLE = Automatic;
				CURRENT_PROJECT_VERSION = 1;
				DEVELOPMENT_TEAM = 69T9YBDLV5;
				GENERATE_INFOPLIST_FILE = YES;
				INFOPLIST_FILE = Pokemon/Info.plist;
				INFOPLIST_KEY_UIApplicationSupportsIndirectInputEvents = YES;
				INFOPLIST_KEY_UILaunchStoryboardName = LaunchScreen;
				INFOPLIST_KEY_UIStatusBarStyle = "";
				INFOPLIST_KEY_UISupportedInterfaceOrientations_iPad = "UIInterfaceOrientationPortrait UIInterfaceOrientationPortraitUpsideDown UIInterfaceOrientationLandscapeLeft UIInterfaceOrientationLandscapeRight";
				INFOPLIST_KEY_UISupportedInterfaceOrientations_iPhone = "UIInterfaceOrientationPortrait UIInterfaceOrientationLandscapeLeft UIInterfaceOrientationLandscapeRight";
				LD_RUNPATH_SEARCH_PATHS = (
					"$(inherited)",
					"@executable_path/Frameworks",
				);
				MARKETING_VERSION = 1.0;
				PRODUCT_BUNDLE_IDENTIFIER = com.policiano.Pokemon;
				PRODUCT_NAME = "$(TARGET_NAME)";
				SWIFT_EMIT_LOC_STRINGS = YES;
				SWIFT_VERSION = 5.0;
				TARGETED_DEVICE_FAMILY = "1,2";
			};
			name = Release;
		};
		A462F9682B9822D300D60FC0 /* Debug */ = {
			isa = XCBuildConfiguration;
			buildSettings = {
				ALWAYS_EMBED_SWIFT_STANDARD_LIBRARIES = YES;
				BUNDLE_LOADER = "$(TEST_HOST)";
				CODE_SIGN_STYLE = Automatic;
				CURRENT_PROJECT_VERSION = 1;
				DEVELOPMENT_TEAM = 69T9YBDLV5;
				GENERATE_INFOPLIST_FILE = YES;
				IPHONEOS_DEPLOYMENT_TARGET = 17.0;
				MARKETING_VERSION = 1.0;
				PRODUCT_BUNDLE_IDENTIFIER = com.policiano.PokemonTests;
				PRODUCT_NAME = "$(TARGET_NAME)";
				SWIFT_EMIT_LOC_STRINGS = NO;
				SWIFT_VERSION = 5.0;
				TARGETED_DEVICE_FAMILY = "1,2";
				TEST_HOST = "$(BUILT_PRODUCTS_DIR)/Pokemon.app/$(BUNDLE_EXECUTABLE_FOLDER_PATH)/Pokemon";
			};
			name = Debug;
		};
		A462F9692B9822D300D60FC0 /* Release */ = {
			isa = XCBuildConfiguration;
			buildSettings = {
				ALWAYS_EMBED_SWIFT_STANDARD_LIBRARIES = YES;
				BUNDLE_LOADER = "$(TEST_HOST)";
				CODE_SIGN_STYLE = Automatic;
				CURRENT_PROJECT_VERSION = 1;
				DEVELOPMENT_TEAM = 69T9YBDLV5;
				GENERATE_INFOPLIST_FILE = YES;
				IPHONEOS_DEPLOYMENT_TARGET = 17.0;
				MARKETING_VERSION = 1.0;
				PRODUCT_BUNDLE_IDENTIFIER = com.policiano.PokemonTests;
				PRODUCT_NAME = "$(TARGET_NAME)";
				SWIFT_EMIT_LOC_STRINGS = NO;
				SWIFT_VERSION = 5.0;
				TARGETED_DEVICE_FAMILY = "1,2";
				TEST_HOST = "$(BUILT_PRODUCTS_DIR)/Pokemon.app/$(BUNDLE_EXECUTABLE_FOLDER_PATH)/Pokemon";
			};
			name = Release;
		};
		A462F96B2B9822D300D60FC0 /* Debug */ = {
			isa = XCBuildConfiguration;
			buildSettings = {
				ALWAYS_EMBED_SWIFT_STANDARD_LIBRARIES = YES;
				CODE_SIGN_STYLE = Automatic;
				CURRENT_PROJECT_VERSION = 1;
				DEVELOPMENT_TEAM = 69T9YBDLV5;
				GENERATE_INFOPLIST_FILE = YES;
				MARKETING_VERSION = 1.0;
				PRODUCT_BUNDLE_IDENTIFIER = com.policiano.PokemonUITests;
				PRODUCT_NAME = "$(TARGET_NAME)";
				SWIFT_EMIT_LOC_STRINGS = NO;
				SWIFT_VERSION = 5.0;
				TARGETED_DEVICE_FAMILY = "1,2";
				TEST_TARGET_NAME = Pokemon;
			};
			name = Debug;
		};
		A462F96C2B9822D300D60FC0 /* Release */ = {
			isa = XCBuildConfiguration;
			buildSettings = {
				ALWAYS_EMBED_SWIFT_STANDARD_LIBRARIES = YES;
				CODE_SIGN_STYLE = Automatic;
				CURRENT_PROJECT_VERSION = 1;
				DEVELOPMENT_TEAM = 69T9YBDLV5;
				GENERATE_INFOPLIST_FILE = YES;
				MARKETING_VERSION = 1.0;
				PRODUCT_BUNDLE_IDENTIFIER = com.policiano.PokemonUITests;
				PRODUCT_NAME = "$(TARGET_NAME)";
				SWIFT_EMIT_LOC_STRINGS = NO;
				SWIFT_VERSION = 5.0;
				TARGETED_DEVICE_FAMILY = "1,2";
				TEST_TARGET_NAME = Pokemon;
			};
			name = Release;
		};
/* End XCBuildConfiguration section */

/* Begin XCConfigurationList section */
		A462F9352B9822D200D60FC0 /* Build configuration list for PBXProject "Pokemon" */ = {
			isa = XCConfigurationList;
			buildConfigurations = (
				A462F9622B9822D300D60FC0 /* Debug */,
				A462F9632B9822D300D60FC0 /* Release */,
			);
			defaultConfigurationIsVisible = 0;
			defaultConfigurationName = Release;
		};
		A462F9642B9822D300D60FC0 /* Build configuration list for PBXNativeTarget "Pokemon" */ = {
			isa = XCConfigurationList;
			buildConfigurations = (
				A462F9652B9822D300D60FC0 /* Debug */,
				A462F9662B9822D300D60FC0 /* Release */,
			);
			defaultConfigurationIsVisible = 0;
			defaultConfigurationName = Release;
		};
		A462F9672B9822D300D60FC0 /* Build configuration list for PBXNativeTarget "PokemonTests" */ = {
			isa = XCConfigurationList;
			buildConfigurations = (
				A462F9682B9822D300D60FC0 /* Debug */,
				A462F9692B9822D300D60FC0 /* Release */,
			);
			defaultConfigurationIsVisible = 0;
			defaultConfigurationName = Release;
		};
		A462F96A2B9822D300D60FC0 /* Build configuration list for PBXNativeTarget "PokemonUITests" */ = {
			isa = XCConfigurationList;
			buildConfigurations = (
				A462F96B2B9822D300D60FC0 /* Debug */,
				A462F96C2B9822D300D60FC0 /* Release */,
			);
			defaultConfigurationIsVisible = 0;
			defaultConfigurationName = Release;
		};
/* End XCConfigurationList section */

/* Begin XCRemoteSwiftPackageReference section */
		A405AE642BA3D2D0003CBBD5 /* XCRemoteSwiftPackageReference "Kingfisher" */ = {
			isa = XCRemoteSwiftPackageReference;
			repositoryURL = "https://github.com/onevcat/Kingfisher.git";
			requirement = {
				kind = upToNextMajorVersion;
				minimumVersion = 7.11.0;
			};
		};
		A4D10E692BAA56A4002740B5 /* XCRemoteSwiftPackageReference "firebase-ios-sdk" */ = {
			isa = XCRemoteSwiftPackageReference;
			repositoryURL = "https://github.com/firebase/firebase-ios-sdk";
			requirement = {
				kind = upToNextMajorVersion;
				minimumVersion = 10.23.0;
			};
		};
		A4D19D3E2BB8E3170099F225 /* XCRemoteSwiftPackageReference "combine-schedulers" */ = {
			isa = XCRemoteSwiftPackageReference;
			repositoryURL = "https://github.com/pointfreeco/combine-schedulers";
			requirement = {
				kind = upToNextMajorVersion;
				minimumVersion = 1.0.0;
			};
		};
/* End XCRemoteSwiftPackageReference section */

/* Begin XCSwiftPackageProductDependency section */
		A405AE652BA3D2D0003CBBD5 /* Kingfisher */ = {
			isa = XCSwiftPackageProductDependency;
			package = A405AE642BA3D2D0003CBBD5 /* XCRemoteSwiftPackageReference "Kingfisher" */;
			productName = Kingfisher;
		};
		A4D10E6A2BAA56A4002740B5 /* FirebaseAnalyticsWithoutAdIdSupport */ = {
			isa = XCSwiftPackageProductDependency;
			package = A4D10E692BAA56A4002740B5 /* XCRemoteSwiftPackageReference "firebase-ios-sdk" */;
			productName = FirebaseAnalyticsWithoutAdIdSupport;
		};
		A4D10E6C2BAA56A4002740B5 /* FirebaseCrashlytics */ = {
			isa = XCSwiftPackageProductDependency;
			package = A4D10E692BAA56A4002740B5 /* XCRemoteSwiftPackageReference "firebase-ios-sdk" */;
			productName = FirebaseCrashlytics;
		};
		A4D10E6E2BAA56A4002740B5 /* FirebaseDatabase */ = {
			isa = XCSwiftPackageProductDependency;
			package = A4D10E692BAA56A4002740B5 /* XCRemoteSwiftPackageReference "firebase-ios-sdk" */;
			productName = FirebaseDatabase;
		};
		A4D10E702BAA56A4002740B5 /* FirebaseDatabaseSwift */ = {
			isa = XCSwiftPackageProductDependency;
			package = A4D10E692BAA56A4002740B5 /* XCRemoteSwiftPackageReference "firebase-ios-sdk" */;
			productName = FirebaseDatabaseSwift;
		};
		A4D19D3F2BB8E3170099F225 /* CombineSchedulers */ = {
			isa = XCSwiftPackageProductDependency;
			package = A4D19D3E2BB8E3170099F225 /* XCRemoteSwiftPackageReference "combine-schedulers" */;
			productName = CombineSchedulers;
		};
/* End XCSwiftPackageProductDependency section */
	};
	rootObject = A462F9322B9822D200D60FC0 /* Project object */;
}
